// !$*UTF8*$!
{
	archiveVersion = 1;
	classes = {
	};
	objectVersion = 50;
	objects = {

/* Begin PBXBuildFile section */
		7A1860092252798200933E01 /* AppDelegate.swift in Sources */ = {isa = PBXBuildFile; fileRef = 7A1860082252798200933E01 /* AppDelegate.swift */; };
		7A1860102252798300933E01 /* Assets.xcassets in Resources */ = {isa = PBXBuildFile; fileRef = 7A18600F2252798300933E01 /* Assets.xcassets */; };
		7A1860132252798300933E01 /* LaunchScreen.storyboard in Resources */ = {isa = PBXBuildFile; fileRef = 7A1860112252798300933E01 /* LaunchScreen.storyboard */; };
		7A18601B225279D500933E01 /* Main.storyboard in Resources */ = {isa = PBXBuildFile; fileRef = 7A18601A225279D500933E01 /* Main.storyboard */; };
		7A18601F22527AD700933E01 /* NELPerson.m in Sources */ = {isa = PBXBuildFile; fileRef = 7A18601E22527AD700933E01 /* NELPerson.m */; };
		7A186022225281D600933E01 /* PersonController.swift in Sources */ = {isa = PBXBuildFile; fileRef = 7A186021225281D600933E01 /* PersonController.swift */; };
		7A186026225287C500933E01 /* NELPersonTableViewController.m in Sources */ = {isa = PBXBuildFile; fileRef = 7A186025225287C500933E01 /* NELPersonTableViewController.m */; };
		7A186029225287F300933E01 /* PersonTableViewCell.swift in Sources */ = {isa = PBXBuildFile; fileRef = 7A186028225287F300933E01 /* PersonTableViewCell.swift */; };
/* End PBXBuildFile section */

/* Begin PBXFileReference section */
		7A1860052252798200933E01 /* Hybrid Star Wars Search.app */ = {isa = PBXFileReference; explicitFileType = wrapper.application; includeInIndex = 0; path = "Hybrid Star Wars Search.app"; sourceTree = BUILT_PRODUCTS_DIR; };
		7A1860082252798200933E01 /* AppDelegate.swift */ = {isa = PBXFileReference; lastKnownFileType = sourcecode.swift; path = AppDelegate.swift; sourceTree = "<group>"; };
		7A18600F2252798300933E01 /* Assets.xcassets */ = {isa = PBXFileReference; lastKnownFileType = folder.assetcatalog; path = Assets.xcassets; sourceTree = "<group>"; };
		7A1860122252798300933E01 /* Base */ = {isa = PBXFileReference; lastKnownFileType = file.storyboard; name = Base; path = Base.lproj/LaunchScreen.storyboard; sourceTree = "<group>"; };
		7A1860142252798300933E01 /* Info.plist */ = {isa = PBXFileReference; lastKnownFileType = text.plist.xml; path = Info.plist; sourceTree = "<group>"; };
		7A18601A225279D500933E01 /* Main.storyboard */ = {isa = PBXFileReference; fileEncoding = 4; lastKnownFileType = file.storyboard; path = Main.storyboard; sourceTree = "<group>"; };
		7A18601C22527AD700933E01 /* Hybrid Star Wars Search-Bridging-Header.h */ = {isa = PBXFileReference; lastKnownFileType = sourcecode.c.h; path = "Hybrid Star Wars Search-Bridging-Header.h"; sourceTree = "<group>"; };
		7A18601D22527AD700933E01 /* NELPerson.h */ = {isa = PBXFileReference; lastKnownFileType = sourcecode.c.h; path = NELPerson.h; sourceTree = "<group>"; };
		7A18601E22527AD700933E01 /* NELPerson.m */ = {isa = PBXFileReference; lastKnownFileType = sourcecode.c.objc; path = NELPerson.m; sourceTree = "<group>"; };
		7A186021225281D600933E01 /* PersonController.swift */ = {isa = PBXFileReference; lastKnownFileType = sourcecode.swift; path = PersonController.swift; sourceTree = "<group>"; };
		7A186024225287C500933E01 /* NELPersonTableViewController.h */ = {isa = PBXFileReference; lastKnownFileType = sourcecode.c.h; path = NELPersonTableViewController.h; sourceTree = "<group>"; };
		7A186025225287C500933E01 /* NELPersonTableViewController.m */ = {isa = PBXFileReference; lastKnownFileType = sourcecode.c.objc; path = NELPersonTableViewController.m; sourceTree = "<group>"; };
		7A186028225287F300933E01 /* PersonTableViewCell.swift */ = {isa = PBXFileReference; lastKnownFileType = sourcecode.swift; path = PersonTableViewCell.swift; sourceTree = "<group>"; };
/* End PBXFileReference section */

/* Begin PBXFrameworksBuildPhase section */
		7A1860022252798200933E01 /* Frameworks */ = {
			isa = PBXFrameworksBuildPhase;
			buildActionMask = 2147483647;
			files = (
			);
			runOnlyForDeploymentPostprocessing = 0;
		};
/* End PBXFrameworksBuildPhase section */

/* Begin PBXGroup section */
		7A185FFC2252798200933E01 = {
			isa = PBXGroup;
			children = (
				7A1860072252798200933E01 /* Hybrid Star Wars Search */,
				7A1860062252798200933E01 /* Products */,
			);
			sourceTree = "<group>";
		};
		7A1860062252798200933E01 /* Products */ = {
			isa = PBXGroup;
			children = (
				7A1860052252798200933E01 /* Hybrid Star Wars Search.app */,
			);
			name = Products;
			sourceTree = "<group>";
		};
		7A1860072252798200933E01 /* Hybrid Star Wars Search */ = {
			isa = PBXGroup;
			children = (
				7A1860082252798200933E01 /* AppDelegate.swift */,
				7A186028225287F300933E01 /* PersonTableViewCell.swift */,
				7A186027225287CB00933E01 /* View Controllers */,
				7A186023225281DA00933E01 /* Model Controller */,
				7A18602022527ADE00933E01 /* Model */,
				7A18601A225279D500933E01 /* Main.storyboard */,
				7A18600F2252798300933E01 /* Assets.xcassets */,
				7A1860112252798300933E01 /* LaunchScreen.storyboard */,
				7A1860142252798300933E01 /* Info.plist */,
				7A18601C22527AD700933E01 /* Hybrid Star Wars Search-Bridging-Header.h */,
			);
			path = "Hybrid Star Wars Search";
			sourceTree = "<group>";
		};
		7A18602022527ADE00933E01 /* Model */ = {
			isa = PBXGroup;
			children = (
				7A18601D22527AD700933E01 /* NELPerson.h */,
				7A18601E22527AD700933E01 /* NELPerson.m */,
			);
			path = Model;
			sourceTree = "<group>";
		};
		7A186023225281DA00933E01 /* Model Controller */ = {
			isa = PBXGroup;
			children = (
				7A186021225281D600933E01 /* PersonController.swift */,
			);
			path = "Model Controller";
			sourceTree = "<group>";
		};
		7A186027225287CB00933E01 /* View Controllers */ = {
			isa = PBXGroup;
			children = (
				7A186024225287C500933E01 /* NELPersonTableViewController.h */,
				7A186025225287C500933E01 /* NELPersonTableViewController.m */,
			);
			path = "View Controllers";
			sourceTree = "<group>";
		};
/* End PBXGroup section */

/* Begin PBXNativeTarget section */
		7A1860042252798200933E01 /* Hybrid Star Wars Search */ = {
			isa = PBXNativeTarget;
			buildConfigurationList = 7A1860172252798300933E01 /* Build configuration list for PBXNativeTarget "Hybrid Star Wars Search" */;
			buildPhases = (
				7A1860012252798200933E01 /* Sources */,
				7A1860022252798200933E01 /* Frameworks */,
				7A1860032252798200933E01 /* Resources */,
			);
			buildRules = (
			);
			dependencies = (
			);
			name = "Hybrid Star Wars Search";
			productName = "Hybrid Star Wars Search";
			productReference = 7A1860052252798200933E01 /* Hybrid Star Wars Search.app */;
			productType = "com.apple.product-type.application";
		};
/* End PBXNativeTarget section */

/* Begin PBXProject section */
		7A185FFD2252798200933E01 /* Project object */ = {
			isa = PBXProject;
			attributes = {
				CLASSPREFIX = NEL;
				LastSwiftUpdateCheck = 1020;
				LastUpgradeCheck = 1020;
				ORGANIZATIONNAME = "Nelson Gonzalez";
				TargetAttributes = {
					7A1860042252798200933E01 = {
						CreatedOnToolsVersion = 10.2;
						LastSwiftMigration = 1020;
					};
				};
			};
			buildConfigurationList = 7A1860002252798200933E01 /* Build configuration list for PBXProject "Hybrid Star Wars Search" */;
			compatibilityVersion = "Xcode 9.3";
			developmentRegion = en;
			hasScannedForEncodings = 0;
			knownRegions = (
				en,
				Base,
			);
			mainGroup = 7A185FFC2252798200933E01;
			productRefGroup = 7A1860062252798200933E01 /* Products */;
			projectDirPath = "";
			projectRoot = "";
			targets = (
				7A1860042252798200933E01 /* Hybrid Star Wars Search */,
			);
		};
/* End PBXProject section */

/* Begin PBXResourcesBuildPhase section */
		7A1860032252798200933E01 /* Resources */ = {
			isa = PBXResourcesBuildPhase;
			buildActionMask = 2147483647;
			files = (
				7A1860132252798300933E01 /* LaunchScreen.storyboard in Resources */,
				7A1860102252798300933E01 /* Assets.xcassets in Resources */,
				7A18601B225279D500933E01 /* Main.storyboard in Resources */,
			);
			runOnlyForDeploymentPostprocessing = 0;
		};
/* End PBXResourcesBuildPhase section */

/* Begin PBXSourcesBuildPhase section */
		7A1860012252798200933E01 /* Sources */ = {
			isa = PBXSourcesBuildPhase;
			buildActionMask = 2147483647;
			files = (
				7A18601F22527AD700933E01 /* NELPerson.m in Sources */,
				7A186022225281D600933E01 /* PersonController.swift in Sources */,
				7A186026225287C500933E01 /* NELPersonTableViewController.m in Sources */,
				7A186029225287F300933E01 /* PersonTableViewCell.swift in Sources */,
				7A1860092252798200933E01 /* AppDelegate.swift in Sources */,
			);
			runOnlyForDeploymentPostprocessing = 0;
		};
/* End PBXSourcesBuildPhase section */

/* Begin PBXVariantGroup section */
		7A1860112252798300933E01 /* LaunchScreen.storyboard */ = {
			isa = PBXVariantGroup;
			children = (
				7A1860122252798300933E01 /* Base */,
			);
			name = LaunchScreen.storyboard;
			sourceTree = "<group>";
		};
/* End PBXVariantGroup section */

/* Begin XCBuildConfiguration section */
		7A1860152252798300933E01 /* Debug */ = {
			isa = XCBuildConfiguration;
			buildSettings = {
				ALWAYS_SEARCH_USER_PATHS = NO;
				CLANG_ANALYZER_NONNULL = YES;
				CLANG_ANALYZER_NUMBER_OBJECT_CONVERSION = YES_AGGRESSIVE;
				CLANG_CXX_LANGUAGE_STANDARD = "gnu++14";
				CLANG_CXX_LIBRARY = "libc++";
				CLANG_ENABLE_MODULES = YES;
				CLANG_ENABLE_OBJC_ARC = YES;
				CLANG_ENABLE_OBJC_WEAK = YES;
				CLANG_WARN_BLOCK_CAPTURE_AUTORELEASING = YES;
				CLANG_WARN_BOOL_CONVERSION = YES;
				CLANG_WARN_COMMA = YES;
				CLANG_WARN_CONSTANT_CONVERSION = YES;
				CLANG_WARN_DEPRECATED_OBJC_IMPLEMENTATIONS = YES;
				CLANG_WARN_DIRECT_OBJC_ISA_USAGE = YES_ERROR;
				CLANG_WARN_DOCUMENTATION_COMMENTS = YES;
				CLANG_WARN_EMPTY_BODY = YES;
				CLANG_WARN_ENUM_CONVERSION = YES;
				CLANG_WARN_INFINITE_RECURSION = YES;
				CLANG_WARN_INT_CONVERSION = YES;
				CLANG_WARN_NON_LITERAL_NULL_CONVERSION = YES;
				CLANG_WARN_OBJC_IMPLICIT_RETAIN_SELF = YES;
				CLANG_WARN_OBJC_LITERAL_CONVERSION = YES;
				CLANG_WARN_OBJC_ROOT_CLASS = YES_ERROR;
				CLANG_WARN_RANGE_LOOP_ANALYSIS = YES;
				CLANG_WARN_STRICT_PROTOTYPES = YES;
				CLANG_WARN_SUSPICIOUS_MOVE = YES;
				CLANG_WARN_UNGUARDED_AVAILABILITY = YES_AGGRESSIVE;
				CLANG_WARN_UNREACHABLE_CODE = YES;
				CLANG_WARN__DUPLICATE_METHOD_MATCH = YES;
				CODE_SIGN_IDENTITY = "iPhone Developer";
				COPY_PHASE_STRIP = NO;
				DEBUG_INFORMATION_FORMAT = dwarf;
				ENABLE_STRICT_OBJC_MSGSEND = YES;
				ENABLE_TESTABILITY = YES;
				GCC_C_LANGUAGE_STANDARD = gnu11;
				GCC_DYNAMIC_NO_PIC = NO;
				GCC_NO_COMMON_BLOCKS = YES;
				GCC_OPTIMIZATION_LEVEL = 0;
				GCC_PREPROCESSOR_DEFINITIONS = (
					"DEBUG=1",
					"$(inherited)",
				);
				GCC_WARN_64_TO_32_BIT_CONVERSION = YES;
				GCC_WARN_ABOUT_RETURN_TYPE = YES_ERROR;
				GCC_WARN_UNDECLARED_SELECTOR = YES;
				GCC_WARN_UNINITIALIZED_AUTOS = YES_AGGRESSIVE;
				GCC_WARN_UNUSED_FUNCTION = YES;
				GCC_WARN_UNUSED_VARIABLE = YES;
				IPHONEOS_DEPLOYMENT_TARGET = 12.2;
				MTL_ENABLE_DEBUG_INFO = INCLUDE_SOURCE;
				MTL_FAST_MATH = YES;
				ONLY_ACTIVE_ARCH = YES;
				SDKROOT = iphoneos;
				SWIFT_ACTIVE_COMPILATION_CONDITIONS = DEBUG;
				SWIFT_OPTIMIZATION_LEVEL = "-Onone";
			};
			name = Debug;
		};
		7A1860162252798300933E01 /* Release */ = {
			isa = XCBuildConfiguration;
			buildSettings = {
				ALWAYS_SEARCH_USER_PATHS = NO;
				CLANG_ANALYZER_NONNULL = YES;
				CLANG_ANALYZER_NUMBER_OBJECT_CONVERSION = YES_AGGRESSIVE;
				CLANG_CXX_LANGUAGE_STANDARD = "gnu++14";
				CLANG_CXX_LIBRARY = "libc++";
				CLANG_ENABLE_MODULES = YES;
				CLANG_ENABLE_OBJC_ARC = YES;
				CLANG_ENABLE_OBJC_WEAK = YES;
				CLANG_WARN_BLOCK_CAPTURE_AUTORELEASING = YES;
				CLANG_WARN_BOOL_CONVERSION = YES;
				CLANG_WARN_COMMA = YES;
				CLANG_WARN_CONSTANT_CONVERSION = YES;
				CLANG_WARN_DEPRECATED_OBJC_IMPLEMENTATIONS = YES;
				CLANG_WARN_DIRECT_OBJC_ISA_USAGE = YES_ERROR;
				CLANG_WARN_DOCUMENTATION_COMMENTS = YES;
				CLANG_WARN_EMPTY_BODY = YES;
				CLANG_WARN_ENUM_CONVERSION = YES;
				CLANG_WARN_INFINITE_RECURSION = YES;
				CLANG_WARN_INT_CONVERSION = YES;
				CLANG_WARN_NON_LITERAL_NULL_CONVERSION = YES;
				CLANG_WARN_OBJC_IMPLICIT_RETAIN_SELF = YES;
				CLANG_WARN_OBJC_LITERAL_CONVERSION = YES;
				CLANG_WARN_OBJC_ROOT_CLASS = YES_ERROR;
				CLANG_WARN_RANGE_LOOP_ANALYSIS = YES;
				CLANG_WARN_STRICT_PROTOTYPES = YES;
				CLANG_WARN_SUSPICIOUS_MOVE = YES;
				CLANG_WARN_UNGUARDED_AVAILABILITY = YES_AGGRESSIVE;
				CLANG_WARN_UNREACHABLE_CODE = YES;
				CLANG_WARN__DUPLICATE_METHOD_MATCH = YES;
				CODE_SIGN_IDENTITY = "iPhone Developer";
				COPY_PHASE_STRIP = NO;
				DEBUG_INFORMATION_FORMAT = "dwarf-with-dsym";
				ENABLE_NS_ASSERTIONS = NO;
				ENABLE_STRICT_OBJC_MSGSEND = YES;
				GCC_C_LANGUAGE_STANDARD = gnu11;
				GCC_NO_COMMON_BLOCKS = YES;
				GCC_WARN_64_TO_32_BIT_CONVERSION = YES;
				GCC_WARN_ABOUT_RETURN_TYPE = YES_ERROR;
				GCC_WARN_UNDECLARED_SELECTOR = YES;
				GCC_WARN_UNINITIALIZED_AUTOS = YES_AGGRESSIVE;
				GCC_WARN_UNUSED_FUNCTION = YES;
				GCC_WARN_UNUSED_VARIABLE = YES;
				IPHONEOS_DEPLOYMENT_TARGET = 12.2;
				MTL_ENABLE_DEBUG_INFO = NO;
				MTL_FAST_MATH = YES;
				SDKROOT = iphoneos;
				SWIFT_COMPILATION_MODE = wholemodule;
				SWIFT_OPTIMIZATION_LEVEL = "-O";
				VALIDATE_PRODUCT = YES;
			};
			name = Release;
		};
		7A1860182252798300933E01 /* Debug */ = {
			isa = XCBuildConfiguration;
			buildSettings = {
				ASSETCATALOG_COMPILER_APPICON_NAME = AppIcon;
				CLANG_ENABLE_MODULES = YES;
				CODE_SIGN_STYLE = Automatic;
				DEVELOPMENT_TEAM = ZD9LN99SX6;
				INFOPLIST_FILE = "Hybrid Star Wars Search/Info.plist";
				LD_RUNPATH_SEARCH_PATHS = (
					"$(inherited)",
					"@executable_path/Frameworks",
				);
				PRODUCT_BUNDLE_IDENTIFIER = "com.nelsongonzalez.Hybrid-Star-Wars-Search";
				PRODUCT_NAME = "$(TARGET_NAME)";
				SWIFT_OBJC_BRIDGING_HEADER = "Hybrid Star Wars Search/Hybrid Star Wars Search-Bridging-Header.h";
				SWIFT_OPTIMIZATION_LEVEL = "-Onone";
				SWIFT_VERSION = 5.0;
				TARGETED_DEVICE_FAMILY = "1,2";
			};
			name = Debug;
		};
		7A1860192252798300933E01 /* Release */ = {
			isa = XCBuildConfiguration;
			buildSettings = {
				ASSETCATALOG_COMPILER_APPICON_NAME = AppIcon;
				CLANG_ENABLE_MODULES = YES;
				CODE_SIGN_STYLE = Automatic;
				DEVELOPMENT_TEAM = ZD9LN99SX6;
				INFOPLIST_FILE = "Hybrid Star Wars Search/Info.plist";
				LD_RUNPATH_SEARCH_PATHS = (
					"$(inherited)",
					"@executable_path/Frameworks",
				);
				PRODUCT_BUNDLE_IDENTIFIER = "com.nelsongonzalez.Hybrid-Star-Wars-Search";
				PRODUCT_NAME = "$(TARGET_NAME)";
				SWIFT_OBJC_BRIDGING_HEADER = "Hybrid Star Wars Search/Hybrid Star Wars Search-Bridging-Header.h";
				SWIFT_VERSION = 5.0;
				TARGETED_DEVICE_FAMILY = "1,2";
			};
			name = Release;
		};
/* End XCBuildConfiguration section */

/* Begin XCConfigurationList section */
		7A1860002252798200933E01 /* Build configuration list for PBXProject "Hybrid Star Wars Search" */ = {
			isa = XCConfigurationList;
			buildConfigurations = (
				7A1860152252798300933E01 /* Debug */,
				7A1860162252798300933E01 /* Release */,
			);
			defaultConfigurationIsVisible = 0;
			defaultConfigurationName = Release;
		};
		7A1860172252798300933E01 /* Build configuration list for PBXNativeTarget "Hybrid Star Wars Search" */ = {
			isa = XCConfigurationList;
			buildConfigurations = (
				7A1860182252798300933E01 /* Debug */,
				7A1860192252798300933E01 /* Release */,
			);
			defaultConfigurationIsVisible = 0;
			defaultConfigurationName = Release;
		};
/* End XCConfigurationList section */
	};
	rootObject = 7A185FFD2252798200933E01 /* Project object */;
}
